
Microsoft Visual Studio Solution File, Format Version 12.00
# Visual Studio Version 17
VisualStudioVersion = 17.4.33213.308
MinimumVisualStudioVersion = 10.0.40219.1
Project("{FAE04EC0-301F-11D3-BF4B-00C04F79EFBC}") = "Assignment6", "Assignment6.csproj", "{E4584D8C-11BA-46BC-AFCE-3AC47E675C13}"
EndProject
Global
	GlobalSection(SolutionConfigurationPlatforms) = preSolution
		Debug|Any CPU = Debug|Any CPU
		Release|Any CPU = Release|Any CPU
	EndGlobalSection
	GlobalSection(ProjectConfigurationPlatforms) = postSolution
		{E4584D8C-11BA-46BC-AFCE-3AC47E675C13}.Debug|Any CPU.ActiveCfg = Debug|Any CPU
		{E4584D8C-11BA-46BC-AFCE-3AC47E675C13}.Debug|Any CPU.Build.0 = Debug|Any CPU
		{E4584D8C-11BA-46BC-AFCE-3AC47E675C13}.Release|Any CPU.ActiveCfg = Release|Any CPU
		{E4584D8C-11BA-46BC-AFCE-3AC47E675C13}.Release|Any CPU.Build.0 = Release|Any CPU
	EndGlobalSection
	GlobalSection(SolutionProperties) = preSolution
		HideSolutionNode = FALSE
	EndGlobalSection
	GlobalSection(ExtensibilityGlobals) = postSolution
		SolutionGuid = {6AFC5E86-E254-4A16-84A2-096B47BECD91}
	EndGlobalSection
EndGlobal
